{
    "_readme": [
        "This file locks the dependencies of your project to a known state",
        "Read more about it at https://getcomposer.org/doc/01-basic-usage.md#composer-lock-the-lock-file",
        "This file is @generated automatically"
    ],
    "hash": "723de2d7104fa11378a644cb7f71a872",
    "content-hash": "1ff4ec52dd600accea68cb0ed29bd1a4",
    "packages": [
        {
            "name": "composer/ca-bundle",
            "version": "1.0.3",
            "source": {
                "type": "git",
                "url": "https://github.com/composer/ca-bundle.git",
                "reference": "5df9ed0ed0c9506ea6404a23450854e5df15cc12"
            },
            "dist": {
                "type": "zip",
                "url": "https://api.github.com/repos/composer/ca-bundle/zipball/5df9ed0ed0c9506ea6404a23450854e5df15cc12",
                "reference": "5df9ed0ed0c9506ea6404a23450854e5df15cc12",
                "shasum": ""
            },
            "require": {
                "ext-openssl": "*",
                "ext-pcre": "*",
                "php": "^5.3.2 || ^7.0"
            },
            "require-dev": {
                "symfony/process": "^2.5 || ^3.0"
            },
            "suggest": {
                "symfony/process": "This is necessary to reliably check whether openssl_x509_parse is vulnerable on older php versions, but can be ignored on PHP 5.5.6+"
            },
            "type": "library",
            "extra": {
                "branch-alias": {
                    "dev-master": "1.x-dev"
                }
            },
            "autoload": {
                "psr-4": {
                    "Composer\\CaBundle\\": "src"
                }
            },
            "notification-url": "https://packagist.org/downloads/",
            "license": [
                "MIT"
            ],
            "authors": [
                {
                    "name": "Jordi Boggiano",
                    "email": "j.boggiano@seld.be",
                    "homepage": "http://seld.be"
                }
            ],
            "description": "Lets you find a path to the system CA bundle, and includes a fallback to the Mozilla CA bundle.",
            "keywords": [
                "cabundle",
                "cacert",
                "certificate",
                "ssl",
                "tls"
            ],
            "time": "2016-07-18 23:07:53"
        },
        {
            "name": "ircmaxell/password-compat",
            "version": "v1.0.4",
            "source": {
                "type": "git",
                "url": "https://github.com/ircmaxell/password_compat.git",
                "reference": "5c5cde8822a69545767f7c7f3058cb15ff84614c"
            },
            "dist": {
                "type": "zip",
                "url": "https://api.github.com/repos/ircmaxell/password_compat/zipball/5c5cde8822a69545767f7c7f3058cb15ff84614c",
                "reference": "5c5cde8822a69545767f7c7f3058cb15ff84614c",
                "shasum": ""
            },
            "require-dev": {
                "phpunit/phpunit": "4.*"
            },
            "type": "library",
            "autoload": {
                "files": [
                    "lib/password.php"
                ]
            },
            "notification-url": "https://packagist.org/downloads/",
            "license": [
                "MIT"
            ],
            "authors": [
                {
                    "name": "Anthony Ferrara",
                    "email": "ircmaxell@php.net",
                    "homepage": "http://blog.ircmaxell.com"
                }
            ],
            "description": "A compatibility library for the proposed simplified password hashing algorithm: https://wiki.php.net/rfc/password_hash",
            "homepage": "https://github.com/ircmaxell/password_compat",
            "keywords": [
                "hashing",
                "password"
            ],
            "time": "2014-11-20 16:49:30"
        },
        {
            "name": "joomla/application",
            "version": "1.6.0",
            "source": {
                "type": "git",
                "url": "https://github.com/joomla-framework/application.git",
                "reference": "2c2fb32553819f22ee15d4022dec805e750f43ce"
            },
            "dist": {
                "type": "zip",
                "url": "https://api.github.com/repos/joomla-framework/application/zipball/2c2fb32553819f22ee15d4022dec805e750f43ce",
                "reference": "2c2fb32553819f22ee15d4022dec805e750f43ce",
                "shasum": ""
            },
            "require": {
                "joomla/input": "~1.2",
                "joomla/registry": "~1.1",
                "php": ">=5.3.10|>=7.0",
                "psr/log": "~1.0"
            },
            "require-dev": {
                "joomla/session": "^1.2.1",
                "joomla/test": "~1.1",
                "joomla/uri": "~1.1",
                "phpunit/phpunit": "~4.8|~5.0",
                "squizlabs/php_codesniffer": "1.*"
            },
            "suggest": {
                "joomla/session": "To use AbstractWebApplication with session support, install joomla/session",
                "joomla/uri": "To use AbstractWebApplication, install joomla/uri"
            },
            "type": "joomla-package",
            "extra": {
                "branch-alias": {
                    "dev-master": "1.x-dev"
                }
            },
            "autoload": {
                "psr-4": {
                    "Joomla\\Application\\": "src/"
                }
            },
            "notification-url": "https://packagist.org/downloads/",
            "license": [
                "GPL-2.0+"
            ],
            "description": "Joomla Application Package",
            "homepage": "https://github.com/joomla-framework/application",
            "keywords": [
                "application",
                "framework",
                "joomla"
            ],
            "time": "2016-04-09 03:08:55"
        },
        {
            "name": "joomla/cache",
            "version": "dev-2.0-dev",
            "source": {
                "type": "git",
                "url": "https://github.com/joomla-framework/cache.git",
                "reference": "fb8f9c06af007fecf4c637fc35dfe3f4e347710b"
            },
            "dist": {
                "type": "zip",
                "url": "https://api.github.com/repos/joomla-framework/cache/zipball/fb8f9c06af007fecf4c637fc35dfe3f4e347710b",
                "reference": "fb8f9c06af007fecf4c637fc35dfe3f4e347710b",
                "shasum": ""
            },
            "require": {
                "php": ">=5.4|>=7.0",
                "psr/cache": "~1.0"
            },
            "require-dev": {
                "joomla/test": "~1.0",
                "phpunit/phpunit": "~4.8|~5.0",
                "squizlabs/php_codesniffer": "1.*"
            },
            "suggest": {
                "joomla/registry": "Registry can be used as an alternative to using an array for the package options."
            },
            "type": "joomla-package",
            "extra": {
                "branch-alias": {
                    "dev-2.0-dev": "2.0-dev"
                }
            },
            "autoload": {
                "psr-4": {
                    "Joomla\\Cache\\": "src/"
                }
            },
            "notification-url": "https://packagist.org/downloads/",
            "license": [
                "GPL-2.0+"
            ],
            "description": "Joomla Cache Package",
            "homepage": "https://github.com/joomla-framework/cache",
            "keywords": [
                "cache",
                "framework",
                "joomla"
            ],
            "time": "2016-07-04 15:59:57"
        },
        {
            "name": "joomla/compat",
            "version": "1.2.0",
            "source": {
                "type": "git",
                "url": "https://github.com/joomla-framework/compat.git",
                "reference": "f23565fe0184517778996226eb4b2333deb369c4"
            },
            "dist": {
                "type": "zip",
                "url": "https://api.github.com/repos/joomla-framework/compat/zipball/f23565fe0184517778996226eb4b2333deb369c4",
                "reference": "f23565fe0184517778996226eb4b2333deb369c4",
                "shasum": ""
            },
            "require": {
                "php": ">=5.3.10"
            },
            "type": "joomla-package",
            "autoload": {
                "classmap": [
                    "src/JsonSerializable.php",
                    "src/CallbackFilterIterator.php"
                ]
            },
            "notification-url": "https://packagist.org/downloads/",
            "license": [
                "GPL-2.0+"
            ],
            "description": "Joomla Compat Package",
            "homepage": "https://github.com/joomla-framework/compat",
            "keywords": [
                "compat",
                "framework",
                "joomla"
            ],
            "time": "2015-02-24 00:21:06"
        },
        {
            "name": "joomla/controller",
            "version": "1.1.2",
            "source": {
                "type": "git",
                "url": "https://github.com/joomla-framework/controller.git",
                "reference": "9bc6778082299982a5d37cc0d2c3eff42ff2ed71"
            },
            "dist": {
                "type": "zip",
                "url": "https://api.github.com/repos/joomla-framework/controller/zipball/9bc6778082299982a5d37cc0d2c3eff42ff2ed71",
                "reference": "9bc6778082299982a5d37cc0d2c3eff42ff2ed71",
                "shasum": ""
            },
            "require": {
                "joomla/application": "~1.0",
                "joomla/input": "~1.0",
                "php": ">=5.3.10"
            },
            "require-dev": {
                "joomla/application": "~1.0",
                "joomla/input": "~1.0",
                "joomla/test": "~1.0",
                "phpunit/phpunit": "4.*",
                "squizlabs/php_codesniffer": "1.*"
            },
            "type": "joomla-package",
            "extra": {
                "branch-alias": {
                    "dev-master": "1.x-dev"
                }
            },
            "autoload": {
                "psr-4": {
                    "Joomla\\Controller\\": "src/",
                    "Joomla\\Controller\\Tests\\": "Tests/"
                }
            },
            "notification-url": "https://packagist.org/downloads/",
            "license": [
                "GPL-2.0+"
            ],
            "description": "Joomla Controller Package",
            "homepage": "https://github.com/joomla-framework/controller",
            "keywords": [
                "controller",
                "framework",
                "joomla"
            ],
            "time": "2015-03-05 11:42:43"
        },
        {
            "name": "joomla/di",
            "version": "1.3.1",
            "source": {
                "type": "git",
                "url": "https://github.com/joomla-framework/di.git",
                "reference": "4991f57e2af628a87e43493b9b92dc8e3048da63"
            },
            "dist": {
                "type": "zip",
                "url": "https://api.github.com/repos/joomla-framework/di/zipball/4991f57e2af628a87e43493b9b92dc8e3048da63",
                "reference": "4991f57e2af628a87e43493b9b92dc8e3048da63",
                "shasum": ""
            },
            "require": {
                "php": ">=5.3.10"
            },
            "require-dev": {
                "phpunit/phpunit": "4.*",
                "squizlabs/php_codesniffer": "1.*"
            },
            "type": "joomla-package",
            "extra": {
                "branch-alias": {
                    "dev-master": "1.x-dev"
                }
            },
            "autoload": {
                "psr-4": {
                    "Joomla\\DI\\": "src/",
                    "Joomla\\DI\\Tests\\": "Tests/"
                }
            },
            "notification-url": "https://packagist.org/downloads/",
            "license": [
                "GPL-2.0+"
            ],
            "description": "Joomla DI Package",
            "homepage": "https://github.com/joomla-framework/di",
            "keywords": [
                "container",
                "dependency injection",
                "di",
                "framework",
                "ioc",
                "joomla"
            ],
            "time": "2015-04-02 16:30:40"
        },
        {
            "name": "joomla/filter",
            "version": "1.2.0",
            "source": {
                "type": "git",
                "url": "https://github.com/joomla-framework/filter.git",
                "reference": "45a504f0cd6fa2312a0260955e957435ca2cedc9"
            },
            "dist": {
                "type": "zip",
                "url": "https://api.github.com/repos/joomla-framework/filter/zipball/45a504f0cd6fa2312a0260955e957435ca2cedc9",
                "reference": "45a504f0cd6fa2312a0260955e957435ca2cedc9",
                "shasum": ""
            },
            "require": {
                "joomla/string": "~1.3",
                "php": ">=5.3.10"
            },
            "require-dev": {
                "joomla/language": "~1.0",
                "phpunit/phpunit": "4.*",
                "squizlabs/php_codesniffer": "1.*"
            },
            "suggest": {
                "joomla/language": "Required only if you want to use `OutputFilter::stringURLSafe`."
            },
            "type": "joomla-package",
            "extra": {
                "branch-alias": {
                    "dev-master": "1.x-dev"
                }
            },
            "autoload": {
                "psr-4": {
                    "Joomla\\Filter\\": "src/",
                    "Joomla\\Filter\\Tests\\": "Tests/"
                }
            },
            "notification-url": "https://packagist.org/downloads/",
            "license": [
                "GPL-2.0+"
            ],
            "description": "Joomla Filter Package",
            "homepage": "https://github.com/joomla-framework/filter",
            "keywords": [
                "filter",
                "framework",
                "joomla"
            ],
            "time": "2016-01-08 17:27:47"
        },
        {
            "name": "joomla/http",
            "version": "dev-2.0-dev",
            "source": {
                "type": "git",
                "url": "https://github.com/joomla-framework/http.git",
                "reference": "0860b62fc58b7b4efc8bffade2adacc8ac8acb54"
            },
            "dist": {
                "type": "zip",
                "url": "https://api.github.com/repos/joomla-framework/http/zipball/0860b62fc58b7b4efc8bffade2adacc8ac8acb54",
                "reference": "0860b62fc58b7b4efc8bffade2adacc8ac8acb54",
                "shasum": ""
            },
            "require": {
                "composer/ca-bundle": "~1.0",
                "joomla/uri": "~1.0",
                "php": ">=5.4|>=7.0",
                "zendframework/zend-diactoros": "~1.1"
            },
            "require-dev": {
                "joomla/test": "~1.0",
                "phpunit/phpunit": "~4.8|~5.0",
                "squizlabs/php_codesniffer": "1.*"
            },
            "suggest": {
                "joomla/registry": "Registry can be used as an alternative to using an array for the package options."
            },
            "type": "joomla-package",
            "extra": {
                "branch-alias": {
                    "dev-2.0-dev": "2.0-dev"
                }
            },
            "autoload": {
                "psr-4": {
                    "Joomla\\Http\\": "src/"
                }
            },
            "notification-url": "https://packagist.org/downloads/",
            "license": [
                "GPL-2.0+"
            ],
            "description": "Joomla HTTP Package",
            "homepage": "https://github.com/joomla-framework/http",
            "keywords": [
                "framework",
                "http",
                "joomla"
            ],
            "time": "2016-04-15 17:19:33"
        },
        {
            "name": "joomla/input",
            "version": "1.2.0",
            "source": {
                "type": "git",
                "url": "https://github.com/joomla-framework/input.git",
                "reference": "b6098276043e2d627221fe54d3c91232e6679d0f"
            },
            "dist": {
                "type": "zip",
                "url": "https://api.github.com/repos/joomla-framework/input/zipball/b6098276043e2d627221fe54d3c91232e6679d0f",
                "reference": "b6098276043e2d627221fe54d3c91232e6679d0f",
                "shasum": ""
            },
            "require": {
                "joomla/filter": "~1.0",
                "php": ">=5.3.10"
            },
            "require-dev": {
                "joomla/test": "~1.0",
                "phpunit/phpunit": "4.*",
                "squizlabs/php_codesniffer": "1.*"
            },
            "type": "joomla-package",
            "extra": {
                "branch-alias": {
                    "dev-master": "1.x-dev"
                }
            },
            "autoload": {
                "psr-4": {
                    "Joomla\\Input\\": "src/",
                    "Joomla\\Input\\Tests\\": "Tests/"
                }
            },
            "notification-url": "https://packagist.org/downloads/",
            "license": [
                "GPL-2.0+"
            ],
            "description": "Joomla Input Package",
            "homepage": "https://github.com/joomla-framework/input",
            "keywords": [
                "framework",
                "input",
                "joomla"
            ],
            "time": "2014-10-12 18:01:36"
        },
        {
            "name": "joomla/model",
            "version": "1.2.0",
            "source": {
                "type": "git",
                "url": "https://github.com/joomla-framework/model.git",
                "reference": "900c54801904bf0fa594b5d78def01d764fb4281"
            },
            "dist": {
                "type": "zip",
                "url": "https://api.github.com/repos/joomla-framework/model/zipball/900c54801904bf0fa594b5d78def01d764fb4281",
                "reference": "900c54801904bf0fa594b5d78def01d764fb4281",
                "shasum": ""
            },
            "require": {
                "joomla/registry": "~1.0",
                "php": ">=5.3.10"
            },
            "require-dev": {
                "joomla/database": "~1.0",
                "joomla/test": "~1.0",
                "phpunit/phpunit": "4.*",
                "squizlabs/php_codesniffer": "1.*"
            },
            "suggest": {
                "joomla/database": "Allows using database models"
            },
            "type": "joomla-package",
            "extra": {
                "branch-alias": {
                    "dev-master": "1.x-dev"
                }
            },
            "autoload": {
                "psr-4": {
                    "Joomla\\Model\\": "src/",
                    "Joomla\\Model\\Tests\\": "Tests/"
                }
            },
            "notification-url": "https://packagist.org/downloads/",
            "license": [
                "GPL-2.0+"
            ],
            "description": "Joomla Model Package",
            "homepage": "https://github.com/joomla-framework/model",
            "keywords": [
                "framework",
                "joomla",
                "model"
            ],
            "time": "2014-11-03 16:43:46"
        },
        {
            "name": "joomla/registry",
            "version": "1.5.2",
            "source": {
                "type": "git",
                "url": "https://github.com/joomla-framework/registry.git",
                "reference": "bd3592c6f0554a72811df52aeaea98c7815f6e5a"
            },
            "dist": {
                "type": "zip",
                "url": "https://api.github.com/repos/joomla-framework/registry/zipball/bd3592c6f0554a72811df52aeaea98c7815f6e5a",
                "reference": "bd3592c6f0554a72811df52aeaea98c7815f6e5a",
                "shasum": ""
            },
            "require": {
                "joomla/compat": "~1.0",
                "joomla/utilities": "~1.0",
                "php": ">=5.3.10|>=7.0",
                "symfony/polyfill-php55": "~1.0"
            },
            "require-dev": {
                "joomla/test": "~1.0",
                "phpunit/phpunit": "~4.8|~5.0",
                "squizlabs/php_codesniffer": "1.*",
                "symfony/yaml": "~2.0|~3.0"
            },
            "suggest": {
                "symfony/yaml": "Install symfony/yaml if you require YAML support."
            },
            "type": "joomla-package",
            "extra": {
                "branch-alias": {
                    "dev-master": "1.x-dev"
                }
            },
            "autoload": {
                "psr-4": {
                    "Joomla\\Registry\\": "src/"
                }
            },
            "notification-url": "https://packagist.org/downloads/",
            "license": [
                "GPL-2.0+"
            ],
            "description": "Joomla Registry Package",
            "homepage": "https://github.com/joomla-framework/registry",
            "keywords": [
                "framework",
                "joomla",
                "registry"
            ],
            "time": "2016-05-14 20:42:05"
        },
        {
            "name": "joomla/renderer",
            "version": "dev-master",
            "source": {
                "type": "git",
                "url": "https://github.com/joomla-framework/renderer.git",
                "reference": "74a963246b0b0fbce8a9e5fe1ecd6217555b35d9"
            },
            "dist": {
                "type": "zip",
                "url": "https://api.github.com/repos/joomla-framework/renderer/zipball/74a963246b0b0fbce8a9e5fe1ecd6217555b35d9",
                "reference": "74a963246b0b0fbce8a9e5fe1ecd6217555b35d9",
                "shasum": ""
            },
            "require": {
                "php": "^5.3.10|~7.0"
            },
            "require-dev": {
                "league/plates": "~2.0|~3.0",
                "mustache/mustache": "~2.0",
                "squizlabs/php_codesniffer": "1.*",
                "symfony/templating": "~2.0|~3.0",
                "twig/twig": "~1.0|~2.0"
            },
            "suggest": {
                "illuminate/view": "Install ~5.1 if you are using Laravel's Blade template engine.",
                "league/plates": "Install ~2.0|~3.0 if you are using the Plates template engine.",
                "mustache/mustache": "Install ~2.0 if you are using the Mustache template engine.",
                "symfony/templating": "Install ~2.0|~3.0 if you are using Symfony's PHP template component.",
                "twig/twig": "Install ~1.0|~2.0 if you are using the Twig template engine."
            },
            "type": "joomla-package",
            "extra": {
                "branch-alias": {
                    "dev-master": "2.x-dev"
                }
            },
            "autoload": {
                "psr-4": {
                    "Joomla\\Renderer\\": "src/"
                }
            },
            "notification-url": "https://packagist.org/downloads/",
            "license": [
                "LGPL-2.1+"
            ],
            "description": "Joomla Renderer Package",
            "homepage": "https://github.com/joomla-framework/renderer",
            "keywords": [
                "framework",
                "joomla",
                "renderer"
            ],
            "time": "2016-07-31 17:44:15"
        },
        {
            "name": "joomla/router",
            "version": "1.1.2",
            "source": {
                "type": "git",
                "url": "https://github.com/joomla-framework/router.git",
                "reference": "e7a22af3ae07ab33999c575dff29ab423b662859"
            },
            "dist": {
                "type": "zip",
                "url": "https://api.github.com/repos/joomla-framework/router/zipball/e7a22af3ae07ab33999c575dff29ab423b662859",
                "reference": "e7a22af3ae07ab33999c575dff29ab423b662859",
                "shasum": ""
            },
            "require": {
                "joomla/controller": "~1.0",
                "joomla/input": "~1.0",
                "php": ">=5.3.10"
            },
            "require-dev": {
                "joomla/test": "~1.0"
            },
            "type": "joomla-package",
            "autoload": {
                "psr-4": {
                    "Joomla\\Router\\": "src/",
                    "Joomla\\Router\\Tests\\": "Tests/"
                }
            },
            "notification-url": "https://packagist.org/downloads/",
            "license": [
                "GPL-2.0+"
            ],
            "description": "Joomla Router Package",
            "homepage": "https://github.com/joomla-framework/router",
            "keywords": [
                "framework",
                "joomla",
                "router"
            ],
            "time": "2014-08-23 19:40:48"
        },
        {
            "name": "joomla/string",
            "version": "1.4.0",
            "source": {
                "type": "git",
                "url": "https://github.com/joomla-framework/string.git",
                "reference": "05197132a075ee22a3f0f7da31a19a6d5b4717db"
            },
            "dist": {
                "type": "zip",
                "url": "https://api.github.com/repos/joomla-framework/string/zipball/05197132a075ee22a3f0f7da31a19a6d5b4717db",
                "reference": "05197132a075ee22a3f0f7da31a19a6d5b4717db",
                "shasum": ""
            },
            "require": {
                "php": ">=5.3.10|>=7.0"
            },
            "require-dev": {
                "joomla/test": "~1.0",
                "phpunit/phpunit": "~4.8|~5.0",
                "squizlabs/php_codesniffer": "1.*"
            },
            "type": "joomla-package",
            "extra": {
                "branch-alias": {
                    "dev-master": "1.x-dev"
                }
            },
            "autoload": {
                "psr-4": {
                    "Joomla\\String\\": "src/",
                    "Joomla\\String\\Tests\\": "Tests/"
                },
                "files": [
                    "src/phputf8/utf8.php",
                    "src/phputf8/ord.php",
                    "src/phputf8/str_ireplace.php",
                    "src/phputf8/str_pad.php",
                    "src/phputf8/str_split.php",
                    "src/phputf8/strcasecmp.php",
                    "src/phputf8/strcspn.php",
                    "src/phputf8/stristr.php",
                    "src/phputf8/strrev.php",
                    "src/phputf8/strspn.php",
                    "src/phputf8/trim.php",
                    "src/phputf8/ucfirst.php",
                    "src/phputf8/ucwords.php",
                    "src/phputf8/utils/ascii.php",
                    "src/phputf8/utils/validation.php"
                ]
            },
            "notification-url": "https://packagist.org/downloads/",
            "license": [
                "GPL-2.0+"
            ],
            "description": "Joomla String Package",
            "homepage": "https://github.com/joomla-framework/string",
            "keywords": [
                "framework",
                "joomla",
                "string"
            ],
            "time": "2016-01-30 20:04:23"
        },
        {
            "name": "joomla/uri",
            "version": "1.1.1",
            "source": {
                "type": "git",
                "url": "https://github.com/joomla-framework/uri.git",
                "reference": "980e532e4235bb8f1ada15b28822abbeb171da3f"
            },
            "dist": {
                "type": "zip",
                "url": "https://api.github.com/repos/joomla-framework/uri/zipball/980e532e4235bb8f1ada15b28822abbeb171da3f",
                "reference": "980e532e4235bb8f1ada15b28822abbeb171da3f",
                "shasum": ""
            },
            "require": {
                "php": ">=5.3.10"
            },
            "type": "joomla-package",
            "autoload": {
                "psr-4": {
                    "Joomla\\Uri\\": "src/",
                    "Joomla\\Uri\\Tests\\": "Tests/"
                }
            },
            "notification-url": "https://packagist.org/downloads/",
            "license": [
                "GPL-2.0+"
            ],
            "description": "Joomla Uri Package",
            "homepage": "https://github.com/joomla-framework/uri",
            "keywords": [
                "framework",
                "joomla",
                "uri"
            ],
            "time": "2014-02-09 02:57:17"
        },
        {
            "name": "joomla/utilities",
            "version": "1.4.0",
            "source": {
                "type": "git",
                "url": "https://github.com/joomla-framework/utilities.git",
                "reference": "ecf18231ff86ab06cf555a7c3ed4dd447ae39e9b"
            },
            "dist": {
                "type": "zip",
                "url": "https://api.github.com/repos/joomla-framework/utilities/zipball/ecf18231ff86ab06cf555a7c3ed4dd447ae39e9b",
                "reference": "ecf18231ff86ab06cf555a7c3ed4dd447ae39e9b",
                "shasum": ""
            },
            "require": {
                "joomla/string": "~1.3",
                "php": ">=5.3.10"
            },
            "require-dev": {
                "phpunit/phpunit": "4.*",
                "squizlabs/php_codesniffer": "1.*"
            },
            "type": "joomla-package",
            "extra": {
                "branch-alias": {
                    "dev-master": "1.x-dev"
                }
            },
            "autoload": {
                "psr-4": {
                    "Joomla\\Utilities\\": "src/",
                    "Joomla\\Utilities\\Tests\\": "Tests/"
                }
            },
            "notification-url": "https://packagist.org/downloads/",
            "license": [
                "GPL-2.0+"
            ],
            "description": "Joomla Utilities Package",
            "homepage": "https://github.com/joomla-framework/utilities",
            "keywords": [
                "framework",
                "joomla",
                "utilities"
            ],
            "time": "2015-09-05 16:41:24"
        },
        {
            "name": "joomla/view",
            "version": "dev-2.0-dev",
            "source": {
                "type": "git",
                "url": "https://github.com/joomla-framework/view.git",
                "reference": "72a39ff95896071c87b9a8115576ae41bca5eee2"
            },
            "dist": {
                "type": "zip",
                "url": "https://api.github.com/repos/joomla-framework/view/zipball/72a39ff95896071c87b9a8115576ae41bca5eee2",
                "reference": "72a39ff95896071c87b9a8115576ae41bca5eee2",
                "shasum": ""
            },
            "require": {
                "joomla/model": "~1.0|~2.0@dev",
                "joomla/renderer": "~2.0@dev",
                "php": ">=5.3.10|>=7.0"
            },
            "require-dev": {
                "joomla/test": "~1.0",
                "phpunit/phpunit": "~4.8|~5.0",
                "squizlabs/php_codesniffer": "1.*"
            },
            "type": "joomla-package",
            "extra": {
                "branch-alias": {
                    "dev-2.0-dev": "2.0-dev"
                }
            },
            "autoload": {
                "psr-4": {
                    "Joomla\\View\\": "src/"
                }
            },
            "notification-url": "https://packagist.org/downloads/",
            "license": [
                "GPL-2.0+"
            ],
            "description": "Joomla View Package",
            "homepage": "https://github.com/joomla-framework/view",
            "keywords": [
                "framework",
                "joomla",
                "view"
            ],
            "time": "2016-06-05 16:25:12"
        },
        {
            "name": "league/plates",
            "version": "3.1.1",
            "source": {
                "type": "git",
                "url": "https://github.com/thephpleague/plates.git",
                "reference": "2d8569e9f140a70d6a05db38006926f7547cb802"
            },
            "dist": {
                "type": "zip",
                "url": "https://api.github.com/repos/thephpleague/plates/zipball/2d8569e9f140a70d6a05db38006926f7547cb802",
                "reference": "2d8569e9f140a70d6a05db38006926f7547cb802",
                "shasum": ""
            },
            "require-dev": {
                "mikey179/vfsstream": "~1.4.0",
                "phpunit/phpunit": "~4.0",
                "squizlabs/php_codesniffer": "~1.5"
            },
            "type": "library",
            "extra": {
                "branch-alias": {
                    "dev-master": "3.0-dev"
                }
            },
            "autoload": {
                "psr-4": {
                    "League\\Plates\\": "src"
                }
            },
            "notification-url": "https://packagist.org/downloads/",
            "license": [
                "MIT"
            ],
            "authors": [
                {
                    "name": "Jonathan Reinink",
                    "email": "jonathan@reinink.ca",
                    "role": "Developer"
                }
            ],
            "description": "Plates, the native PHP template system that's fast, easy to use and easy to extend.",
            "homepage": "http://platesphp.com",
            "keywords": [
                "league",
                "package",
                "templates",
                "templating",
                "views"
            ],
            "time": "2015-07-09 02:14:40"
        },
        {
            "name": "monolog/monolog",
            "version": "1.20.0",
            "source": {
                "type": "git",
                "url": "https://github.com/Seldaek/monolog.git",
                "reference": "55841909e2bcde01b5318c35f2b74f8ecc86e037"
            },
            "dist": {
                "type": "zip",
                "url": "https://api.github.com/repos/Seldaek/monolog/zipball/55841909e2bcde01b5318c35f2b74f8ecc86e037",
                "reference": "55841909e2bcde01b5318c35f2b74f8ecc86e037",
                "shasum": ""
            },
            "require": {
                "php": ">=5.3.0",
                "psr/log": "~1.0"
            },
            "provide": {
                "psr/log-implementation": "1.0.0"
            },
            "require-dev": {
                "aws/aws-sdk-php": "^2.4.9",
                "doctrine/couchdb": "~1.0@dev",
                "graylog2/gelf-php": "~1.0",
                "jakub-onderka/php-parallel-lint": "0.9",
                "php-amqplib/php-amqplib": "~2.4",
                "php-console/php-console": "^3.1.3",
                "phpunit/phpunit": "~4.5",
                "phpunit/phpunit-mock-objects": "2.3.0",
                "ruflin/elastica": ">=0.90 <3.0",
                "sentry/sentry": "^0.13",
                "swiftmailer/swiftmailer": "~5.3"
            },
            "suggest": {
                "aws/aws-sdk-php": "Allow sending log messages to AWS services like DynamoDB",
                "doctrine/couchdb": "Allow sending log messages to a CouchDB server",
                "ext-amqp": "Allow sending log messages to an AMQP server (1.0+ required)",
                "ext-mongo": "Allow sending log messages to a MongoDB server",
                "graylog2/gelf-php": "Allow sending log messages to a GrayLog2 server",
                "mongodb/mongodb": "Allow sending log messages to a MongoDB server via PHP Driver",
                "php-amqplib/php-amqplib": "Allow sending log messages to an AMQP server using php-amqplib",
                "php-console/php-console": "Allow sending log messages to Google Chrome",
                "rollbar/rollbar": "Allow sending log messages to Rollbar",
                "ruflin/elastica": "Allow sending log messages to an Elastic Search server",
                "sentry/sentry": "Allow sending log messages to a Sentry server"
            },
            "type": "library",
            "extra": {
                "branch-alias": {
                    "dev-master": "2.0.x-dev"
                }
            },
            "autoload": {
                "psr-4": {
                    "Monolog\\": "src/Monolog"
                }
            },
            "notification-url": "https://packagist.org/downloads/",
            "license": [
                "MIT"
            ],
            "authors": [
                {
                    "name": "Jordi Boggiano",
                    "email": "j.boggiano@seld.be",
                    "homepage": "http://seld.be"
                }
            ],
            "description": "Sends your logs to files, sockets, inboxes, databases and various web services",
            "homepage": "http://github.com/Seldaek/monolog",
            "keywords": [
                "log",
                "logging",
                "psr-3"
            ],
            "time": "2016-07-02 14:02:10"
        },
        {
            "name": "psr/cache",
            "version": "1.0.0",
            "source": {
                "type": "git",
                "url": "https://github.com/php-fig/cache.git",
                "reference": "9e66031f41fbbdda45ee11e93c45d480ccba3eb3"
            },
            "dist": {
                "type": "zip",
                "url": "https://api.github.com/repos/php-fig/cache/zipball/9e66031f41fbbdda45ee11e93c45d480ccba3eb3",
                "reference": "9e66031f41fbbdda45ee11e93c45d480ccba3eb3",
                "shasum": ""
            },
            "require": {
                "php": ">=5.3.0"
            },
            "type": "library",
            "extra": {
                "branch-alias": {
                    "dev-master": "1.0.x-dev"
                }
            },
            "autoload": {
                "psr-4": {
                    "Psr\\Cache\\": "src/"
                }
            },
            "notification-url": "https://packagist.org/downloads/",
            "license": [
                "MIT"
            ],
            "authors": [
                {
                    "name": "PHP-FIG",
                    "homepage": "http://www.php-fig.org/"
                }
            ],
            "description": "Common interface for caching libraries",
            "keywords": [
                "cache",
                "psr",
                "psr-6"
            ],
            "time": "2015-12-11 02:52:07"
        },
        {
            "name": "psr/http-message",
            "version": "1.0",
            "source": {
                "type": "git",
                "url": "https://github.com/php-fig/http-message.git",
                "reference": "85d63699f0dbedb190bbd4b0d2b9dc707ea4c298"
            },
            "dist": {
                "type": "zip",
                "url": "https://api.github.com/repos/php-fig/http-message/zipball/85d63699f0dbedb190bbd4b0d2b9dc707ea4c298",
                "reference": "85d63699f0dbedb190bbd4b0d2b9dc707ea4c298",
                "shasum": ""
            },
            "require": {
                "php": ">=5.3.0"
            },
            "type": "library",
            "extra": {
                "branch-alias": {
                    "dev-master": "1.0.x-dev"
                }
            },
            "autoload": {
                "psr-4": {
                    "Psr\\Http\\Message\\": "src/"
                }
            },
            "notification-url": "https://packagist.org/downloads/",
            "license": [
                "MIT"
            ],
            "authors": [
                {
                    "name": "PHP-FIG",
                    "homepage": "http://www.php-fig.org/"
                }
            ],
            "description": "Common interface for HTTP messages",
            "keywords": [
                "http",
                "http-message",
                "psr",
                "psr-7",
                "request",
                "response"
            ],
            "time": "2015-05-04 20:22:00"
        },
        {
            "name": "psr/log",
            "version": "1.0.0",
            "source": {
                "type": "git",
                "url": "https://github.com/php-fig/log.git",
                "reference": "fe0936ee26643249e916849d48e3a51d5f5e278b"
            },
            "dist": {
                "type": "zip",
                "url": "https://api.github.com/repos/php-fig/log/zipball/fe0936ee26643249e916849d48e3a51d5f5e278b",
                "reference": "fe0936ee26643249e916849d48e3a51d5f5e278b",
                "shasum": ""
            },
            "type": "library",
            "autoload": {
                "psr-0": {
                    "Psr\\Log\\": ""
                }
            },
            "notification-url": "https://packagist.org/downloads/",
            "license": [
                "MIT"
            ],
            "authors": [
                {
                    "name": "PHP-FIG",
                    "homepage": "http://www.php-fig.org/"
                }
            ],
            "description": "Common interface for logging libraries",
            "keywords": [
                "log",
                "psr",
                "psr-3"
            ],
            "time": "2012-12-21 11:40:51"
        },
        {
            "name": "symfony/polyfill-php55",
            "version": "v1.2.0",
            "source": {
                "type": "git",
                "url": "https://github.com/symfony/polyfill-php55.git",
                "reference": "bf2ff9ad6be1a4772cb873e4eea94d70daa95c6d"
            },
            "dist": {
                "type": "zip",
                "url": "https://api.github.com/repos/symfony/polyfill-php55/zipball/bf2ff9ad6be1a4772cb873e4eea94d70daa95c6d",
                "reference": "bf2ff9ad6be1a4772cb873e4eea94d70daa95c6d",
                "shasum": ""
            },
            "require": {
                "ircmaxell/password-compat": "~1.0",
                "php": ">=5.3.3"
            },
            "type": "library",
            "extra": {
                "branch-alias": {
                    "dev-master": "1.2-dev"
                }
            },
            "autoload": {
                "psr-4": {
                    "Symfony\\Polyfill\\Php55\\": ""
                },
                "files": [
                    "bootstrap.php"
                ]
            },
            "notification-url": "https://packagist.org/downloads/",
            "license": [
                "MIT"
            ],
            "authors": [
                {
                    "name": "Nicolas Grekas",
                    "email": "p@tchwork.com"
                },
                {
                    "name": "Symfony Community",
                    "homepage": "https://symfony.com/contributors"
                }
            ],
            "description": "Symfony polyfill backporting some PHP 5.5+ features to lower PHP versions",
            "homepage": "https://symfony.com",
            "keywords": [
                "compatibility",
                "polyfill",
                "portable",
                "shim"
            ],
            "time": "2016-05-18 14:26:46"
        },
        {
            "name": "zendframework/zend-diactoros",
            "version": "1.3.5",
            "source": {
                "type": "git",
                "url": "https://github.com/zendframework/zend-diactoros.git",
                "reference": "b1d59735b672865dbeb930805029c24f226e3e77"
            },
            "dist": {
                "type": "zip",
                "url": "https://api.github.com/repos/zendframework/zend-diactoros/zipball/b1d59735b672865dbeb930805029c24f226e3e77",
                "reference": "b1d59735b672865dbeb930805029c24f226e3e77",
                "shasum": ""
            },
            "require": {
                "php": "^5.4 || ^7.0",
                "psr/http-message": "~1.0"
            },
            "provide": {
                "psr/http-message-implementation": "~1.0.0"
            },
            "require-dev": {
                "phpunit/phpunit": "~4.6",
                "squizlabs/php_codesniffer": "^2.3.1"
            },
            "type": "library",
            "extra": {
                "branch-alias": {
                    "dev-master": "1.3-dev",
                    "dev-develop": "1.4-dev"
                }
            },
            "autoload": {
                "psr-4": {
                    "Zend\\Diactoros\\": "src/"
                }
            },
            "notification-url": "https://packagist.org/downloads/",
            "license": [
                "BSD-2-Clause"
            ],
            "description": "PSR HTTP Message implementations",
            "homepage": "https://github.com/zendframework/zend-diactoros",
            "keywords": [
                "http",
                "psr",
                "psr-7"
            ],
            "time": "2016-03-17 18:02:05"
        }
    ],
    "packages-dev": [],
    "aliases": [],
    "minimum-stability": "stable",
    "stability-flags": {
        "joomla/cache": 20,
        "joomla/http": 20,
        "joomla/renderer": 20,
        "joomla/view": 20
    },
    "prefer-stable": false,
    "prefer-lowest": false,
    "platform": {
        "php": ">=5.4"
    },
    "platform-dev": [],
    "platform-overrides": {
        "php": "5.4.38"
    }
}
