{
    "_readme": [
        "This file locks the dependencies of your project to a known state",
        "Read more about it at https://getcomposer.org/doc/01-basic-usage.md#installing-dependencies",
        "This file is @generated automatically"
    ],
    "content-hash": "d5b47dee3984511166fa14989c2918c2",
    "packages": [
        {
            "name": "composer/ca-bundle",
            "version": "1.1.1",
            "source": {
                "type": "git",
                "url": "https://github.com/composer/ca-bundle.git",
                "reference": "d2c0a83b7533d6912e8d516756ebd34f893e9169"
            },
            "dist": {
                "type": "zip",
                "url": "https://api.github.com/repos/composer/ca-bundle/zipball/d2c0a83b7533d6912e8d516756ebd34f893e9169",
                "reference": "d2c0a83b7533d6912e8d516756ebd34f893e9169",
                "shasum": ""
            },
            "require": {
                "ext-openssl": "*",
                "ext-pcre": "*",
                "php": "^5.3.2 || ^7.0"
            },
            "require-dev": {
                "phpunit/phpunit": "^4.8.35 || ^5.7 || ^6.5",
                "psr/log": "^1.0",
                "symfony/process": "^2.5 || ^3.0 || ^4.0"
            },
            "type": "library",
            "extra": {
                "branch-alias": {
                    "dev-master": "1.x-dev"
                }
            },
            "autoload": {
                "psr-4": {
                    "Composer\\CaBundle\\": "src"
                }
            },
            "notification-url": "https://packagist.org/downloads/",
            "license": [
                "MIT"
            ],
            "authors": [
                {
                    "name": "Jordi Boggiano",
                    "email": "j.boggiano@seld.be",
                    "homepage": "http://seld.be"
                }
            ],
            "description": "Lets you find a path to the system CA bundle, and includes a fallback to the Mozilla CA bundle.",
            "keywords": [
                "cabundle",
                "cacert",
                "certificate",
                "ssl",
                "tls"
            ],
            "time": "2018-03-29T19:57:20+00:00"
        },
        {
            "name": "joomla/application",
            "version": "1.9.1",
            "source": {
                "type": "git",
                "url": "https://github.com/joomla-framework/application.git",
                "reference": "a0360e578933e20e98da5c8e17cda72e2b5e2024"
            },
            "dist": {
                "type": "zip",
                "url": "https://api.github.com/repos/joomla-framework/application/zipball/a0360e578933e20e98da5c8e17cda72e2b5e2024",
                "reference": "a0360e578933e20e98da5c8e17cda72e2b5e2024",
                "shasum": ""
            },
            "require": {
                "joomla/input": "~1.2|~2.0",
                "joomla/registry": "^1.4.5|~2.0",
                "php": "^5.3.10|~7.0",
                "psr/log": "~1.0"
            },
            "require-dev": {
                "joomla/coding-standards": "~2.0@alpha",
                "joomla/event": "~1.2|~2.0",
                "joomla/session": "^1.2.1|~2.0",
                "joomla/test": "~1.1",
                "joomla/uri": "~1.1",
                "phpunit/phpunit": "^4.8.35|^5.4.3|~6.0"
            },
            "suggest": {
                "joomla/session": "To use AbstractWebApplication with session support, install joomla/session",
                "joomla/uri": "To use AbstractWebApplication, install joomla/uri"
            },
            "type": "joomla-package",
            "extra": {
                "branch-alias": {
                    "dev-master": "1.x-dev"
                }
            },
            "autoload": {
                "psr-4": {
                    "Joomla\\Application\\": "src/"
                }
            },
            "notification-url": "https://packagist.org/downloads/",
            "license": [
                "GPL-2.0-or-later"
            ],
            "description": "Joomla Application Package",
            "homepage": "https://github.com/joomla-framework/application",
            "keywords": [
                "application",
                "framework",
                "joomla"
            ],
            "time": "2018-05-28T15:32:35+00:00"
        },
        {
            "name": "joomla/cache",
            "version": "dev-2.0-dev",
            "source": {
                "type": "git",
                "url": "https://github.com/joomla-framework/cache.git",
                "reference": "0ecf849b45c2adc8f9ab280df7bf4976f2f39e4b"
            },
            "dist": {
                "type": "zip",
                "url": "https://api.github.com/repos/joomla-framework/cache/zipball/0ecf849b45c2adc8f9ab280df7bf4976f2f39e4b",
                "reference": "0ecf849b45c2adc8f9ab280df7bf4976f2f39e4b",
                "shasum": ""
            },
            "require": {
                "php": "~7.0",
                "psr/cache": "~1.0",
                "psr/simple-cache": "~1.0"
            },
            "provide": {
                "psr/cache-implementation": "~1.0",
                "psr/simple-cache-implementation": "~1.0"
            },
            "require-dev": {
                "joomla/coding-standards": "~2.0@alpha",
                "joomla/test": "~1.0",
                "phpunit/phpunit": "~6.3"
            },
            "suggest": {
                "ext-apcu": "To use APCu caching",
                "ext-memcached": "To use Memcached caching",
                "ext-redis": "To use Redis caching",
                "ext-wincache": "To use WinCache caching",
                "ext-xcache": "To use XCache caching"
            },
            "type": "joomla-package",
            "extra": {
                "branch-alias": {
                    "dev-2.0-dev": "2.0-dev"
                }
            },
            "autoload": {
                "psr-4": {
                    "Joomla\\Cache\\": "src/"
                }
            },
            "notification-url": "https://packagist.org/downloads/",
            "license": [
                "GPL-2.0-or-later"
            ],
            "description": "Joomla Cache Package",
            "homepage": "https://github.com/joomla-framework/cache",
            "keywords": [
                "cache",
                "framework",
                "joomla"
            ],
            "time": "2018-05-25T02:20:02+00:00"
        },
        {
            "name": "joomla/compat",
            "version": "1.2.0",
            "source": {
                "type": "git",
                "url": "https://github.com/joomla-framework/compat.git",
                "reference": "f23565fe0184517778996226eb4b2333deb369c4"
            },
            "dist": {
                "type": "zip",
                "url": "https://api.github.com/repos/joomla-framework/compat/zipball/f23565fe0184517778996226eb4b2333deb369c4",
                "reference": "f23565fe0184517778996226eb4b2333deb369c4",
                "shasum": ""
            },
            "require": {
                "php": ">=5.3.10"
            },
            "type": "joomla-package",
            "autoload": {
                "classmap": [
                    "src/JsonSerializable.php",
                    "src/CallbackFilterIterator.php"
                ]
            },
            "notification-url": "https://packagist.org/downloads/",
            "license": [
                "GPL-2.0+"
            ],
            "description": "Joomla Compat Package",
            "homepage": "https://github.com/joomla-framework/compat",
            "keywords": [
                "compat",
                "framework",
                "joomla"
            ],
            "time": "2015-02-24T00:21:06+00:00"
        },
        {
            "name": "joomla/controller",
            "version": "dev-2.0-dev",
            "source": {
                "type": "git",
                "url": "https://github.com/joomla-framework/controller.git",
                "reference": "fad0742b56ed085fee7699f01ae90d54ac9e83a2"
            },
            "dist": {
                "type": "zip",
                "url": "https://api.github.com/repos/joomla-framework/controller/zipball/fad0742b56ed085fee7699f01ae90d54ac9e83a2",
                "reference": "fad0742b56ed085fee7699f01ae90d54ac9e83a2",
                "shasum": ""
            },
            "require": {
                "php": "~7.0"
            },
            "require-dev": {
                "joomla/application": "~1.0|~2.0",
                "joomla/coding-standards": "~2.0@alpha",
                "joomla/input": "~1.0|~2.0",
                "phpunit/phpunit": "~6.3"
            },
            "suggest": {
                "joomla/application": "The joomla/application package is required to use Joomla\\Controller\\AbstractController",
                "joomla/input": "The joomla/input package is required to use Joomla\\Controller\\AbstractController"
            },
            "type": "joomla-package",
            "extra": {
                "branch-alias": {
                    "dev-2.0-dev": "2.0-dev"
                }
            },
            "autoload": {
                "psr-4": {
                    "Joomla\\Controller\\": "src/"
                }
            },
            "notification-url": "https://packagist.org/downloads/",
            "license": [
                "GPL-2.0-or-later"
            ],
            "description": "Joomla Controller Package",
            "homepage": "https://github.com/joomla-framework/controller",
            "keywords": [
                "controller",
                "framework",
                "joomla"
            ],
            "time": "2018-02-10T00:30:21+00:00"
        },
        {
            "name": "joomla/di",
            "version": "1.5.1",
            "source": {
                "type": "git",
                "url": "https://github.com/joomla-framework/di.git",
                "reference": "33c66e4091e4433f33ddf4a0ac36604cf3b73c41"
            },
            "dist": {
                "type": "zip",
                "url": "https://api.github.com/repos/joomla-framework/di/zipball/33c66e4091e4433f33ddf4a0ac36604cf3b73c41",
                "reference": "33c66e4091e4433f33ddf4a0ac36604cf3b73c41",
                "shasum": ""
            },
            "require": {
                "php": "^5.3.10|~7.0",
                "psr/container": "~1.0"
            },
            "provide": {
                "psr/container-implementation": "~1.0"
            },
            "require-dev": {
                "joomla/coding-standards": "~2.0@alpha",
                "phpunit/phpunit": "^4.8.35|^5.4.3|~6.0"
            },
            "type": "joomla-package",
            "extra": {
                "branch-alias": {
                    "dev-master": "1.x-dev"
                }
            },
            "autoload": {
                "psr-4": {
                    "Joomla\\DI\\": "src/"
                }
            },
            "notification-url": "https://packagist.org/downloads/",
            "license": [
                "GPL-2.0-or-later"
            ],
            "description": "Joomla DI Package",
            "homepage": "https://github.com/joomla-framework/di",
            "keywords": [
                "container",
                "dependency injection",
                "di",
                "framework",
                "ioc",
                "joomla"
            ],
            "time": "2018-02-25T16:30:45+00:00"
        },
        {
            "name": "joomla/filter",
            "version": "1.3.5",
            "source": {
                "type": "git",
                "url": "https://github.com/joomla-framework/filter.git",
                "reference": "ee1d870b5c188056745e1dd3cece21522e2158b8"
            },
            "dist": {
                "type": "zip",
                "url": "https://api.github.com/repos/joomla-framework/filter/zipball/ee1d870b5c188056745e1dd3cece21522e2158b8",
                "reference": "ee1d870b5c188056745e1dd3cece21522e2158b8",
                "shasum": ""
            },
            "require": {
                "joomla/string": "~1.3|~2.0",
                "php": "^5.3.10|~7.0"
            },
            "require-dev": {
                "joomla/coding-standards": "~2.0@alpha",
                "joomla/language": "~1.3",
                "phpunit/phpunit": "^4.8.35|^5.4.3|~6.0"
            },
            "suggest": {
                "joomla/language": "Required only if you want to use `OutputFilter::stringURLSafe`."
            },
            "type": "joomla-package",
            "extra": {
                "branch-alias": {
                    "dev-master": "1.x-dev"
                }
            },
            "autoload": {
                "psr-4": {
                    "Joomla\\Filter\\": "src/"
                }
            },
            "notification-url": "https://packagist.org/downloads/",
            "license": [
                "GPL-2.0-or-later"
            ],
            "description": "Joomla Filter Package",
            "homepage": "https://github.com/joomla-framework/filter",
            "keywords": [
                "filter",
                "framework",
                "joomla"
            ],
            "time": "2018-05-26T15:48:53+00:00"
        },
        {
            "name": "joomla/http",
            "version": "dev-2.0-dev",
            "source": {
                "type": "git",
                "url": "https://github.com/joomla-framework/http.git",
                "reference": "a9ac5f74c1825518d8cb6096f7513b512172da72"
            },
            "dist": {
                "type": "zip",
                "url": "https://api.github.com/repos/joomla-framework/http/zipball/a9ac5f74c1825518d8cb6096f7513b512172da72",
                "reference": "a9ac5f74c1825518d8cb6096f7513b512172da72",
                "shasum": ""
            },
            "require": {
                "composer/ca-bundle": "~1.0",
                "joomla/uri": "~1.0|~2.0",
                "php": "~7.0",
                "psr/http-message": "~1.0",
                "zendframework/zend-diactoros": "~1.1"
            },
            "require-dev": {
                "joomla/coding-standards": "~2.0@alpha",
                "joomla/test": "~1.0",
                "phpunit/phpunit": "~6.3"
            },
            "suggest": {
                "ext-curl": "To use cURL for HTTP connections"
            },
            "type": "joomla-package",
            "extra": {
                "branch-alias": {
                    "dev-2.0-dev": "2.0-dev"
                }
            },
            "autoload": {
                "psr-4": {
                    "Joomla\\Http\\": "src/"
                }
            },
            "notification-url": "https://packagist.org/downloads/",
            "license": [
                "GPL-2.0-or-later"
            ],
            "description": "Joomla HTTP Package",
            "homepage": "https://github.com/joomla-framework/http",
            "keywords": [
                "framework",
                "http",
                "joomla"
            ],
            "time": "2018-03-13T01:52:54+00:00"
        },
        {
            "name": "joomla/input",
            "version": "1.2.3",
            "source": {
                "type": "git",
                "url": "https://github.com/joomla-framework/input.git",
                "reference": "ff97c08aa5fa0f48ccc3e7444827f7f9a6b904c8"
            },
            "dist": {
                "type": "zip",
                "url": "https://api.github.com/repos/joomla-framework/input/zipball/ff97c08aa5fa0f48ccc3e7444827f7f9a6b904c8",
                "reference": "ff97c08aa5fa0f48ccc3e7444827f7f9a6b904c8",
                "shasum": ""
            },
            "require": {
                "joomla/filter": "~1.0",
                "php": "^5.3.10|~7.0"
            },
            "require-dev": {
                "joomla/coding-standards": "~2.0@alpha",
                "joomla/test": "~1.0",
                "phpunit/phpunit": "^4.8.35|^5.4.3|~6.0"
            },
            "type": "joomla-package",
            "extra": {
                "branch-alias": {
                    "dev-master": "1.x-dev"
                }
            },
            "autoload": {
                "psr-4": {
                    "Joomla\\Input\\": "src/"
                }
            },
            "notification-url": "https://packagist.org/downloads/",
            "license": [
                "GPL-2.0-or-later"
            ],
            "description": "Joomla Input Package",
            "homepage": "https://github.com/joomla-framework/input",
            "keywords": [
                "framework",
                "input",
                "joomla"
            ],
            "time": "2018-05-26T17:08:08+00:00"
        },
        {
            "name": "joomla/model",
            "version": "dev-2.0-dev",
            "source": {
                "type": "git",
                "url": "https://github.com/joomla-framework/model.git",
                "reference": "51181bef06096446e0187c58aa6a8a4ee9e61137"
            },
            "dist": {
                "type": "zip",
                "url": "https://api.github.com/repos/joomla-framework/model/zipball/51181bef06096446e0187c58aa6a8a4ee9e61137",
                "reference": "51181bef06096446e0187c58aa6a8a4ee9e61137",
                "shasum": ""
            },
            "require": {
                "php": "~7.0"
            },
            "require-dev": {
                "joomla/coding-standards": "~2.0@alpha",
                "joomla/database": "~1.0|~2.0",
                "joomla/registry": "^1.4.5|~2.0",
                "phpunit/phpunit": "~6.3"
            },
            "suggest": {
                "joomla/database": "Allows using database models",
                "joomla/registry": "Allows using stateful models"
            },
            "type": "joomla-package",
            "extra": {
                "branch-alias": {
                    "dev-2.0-dev": "2.0-dev"
                }
            },
            "autoload": {
                "psr-4": {
                    "Joomla\\Model\\": "src/"
                }
            },
            "notification-url": "https://packagist.org/downloads/",
            "license": [
                "GPL-2.0-or-later"
            ],
            "description": "Joomla Model Package",
            "homepage": "https://github.com/joomla-framework/model",
            "keywords": [
                "framework",
                "joomla",
                "model"
            ],
            "time": "2018-02-25T21:46:26+00:00"
        },
        {
            "name": "joomla/registry",
            "version": "1.6.2",
            "source": {
                "type": "git",
                "url": "https://github.com/joomla-framework/registry.git",
                "reference": "182eed3a56b2b7e14cef11fdbc63c253ddcfd924"
            },
            "dist": {
                "type": "zip",
                "url": "https://api.github.com/repos/joomla-framework/registry/zipball/182eed3a56b2b7e14cef11fdbc63c253ddcfd924",
                "reference": "182eed3a56b2b7e14cef11fdbc63c253ddcfd924",
                "shasum": ""
            },
            "require": {
                "joomla/compat": "~1.0",
                "joomla/utilities": "^1.4.1|~2.0",
                "php": "^5.3.10|~7.0",
                "symfony/polyfill-php55": "~1.0"
            },
            "require-dev": {
                "joomla/coding-standards": "~2.0@alpha",
                "joomla/test": "~1.0",
                "phpunit/phpunit": "^4.8.35|^5.4.3|~6.0",
                "symfony/yaml": "~2.0|~3.0|~4.0"
            },
            "suggest": {
                "symfony/yaml": "Install symfony/yaml if you require YAML support."
            },
            "type": "joomla-package",
            "extra": {
                "branch-alias": {
                    "dev-master": "1.x-dev"
                }
            },
            "autoload": {
                "psr-4": {
                    "Joomla\\Registry\\": "src/"
                }
            },
            "notification-url": "https://packagist.org/downloads/",
            "license": [
                "GPL-2.0-or-later"
            ],
            "description": "Joomla Registry Package",
            "homepage": "https://github.com/joomla-framework/registry",
            "keywords": [
                "framework",
                "joomla",
                "registry"
            ],
            "time": "2018-06-06T16:48:30+00:00"
        },
        {
            "name": "joomla/renderer",
            "version": "dev-master",
            "source": {
                "type": "git",
                "url": "https://github.com/joomla-framework/renderer.git",
                "reference": "0d9fc9e59267908ebdee5f2ee13f46fe35d6623c"
            },
            "dist": {
                "type": "zip",
                "url": "https://api.github.com/repos/joomla-framework/renderer/zipball/0d9fc9e59267908ebdee5f2ee13f46fe35d6623c",
                "reference": "0d9fc9e59267908ebdee5f2ee13f46fe35d6623c",
                "shasum": ""
            },
            "require": {
                "php": "~7.0"
            },
            "require-dev": {
                "illuminate/events": "~5.1",
                "illuminate/filesystem": "~5.1",
                "illuminate/view": "~5.1",
                "joomla/coding-standards": "~2.0@alpha",
                "league/plates": "~3.0",
                "mustache/mustache": "~2.3",
                "phpunit/phpunit": "~6.3",
                "symfony/templating": "~2.7|~3.0|~4.0",
                "twig/twig": "~1.14|~2.0"
            },
            "suggest": {
                "illuminate/view": "Install ~5.1 if you are using Laravel's Blade template engine.",
                "league/plates": "Install ~3.0 if you are using the Plates template engine.",
                "mustache/mustache": "Install ~2.3 if you are using the Mustache template engine.",
                "symfony/templating": "Install ~2.7|~3.0 if you are using Symfony's PHP template component.",
                "twig/twig": "Install ~1.14|~2.0 if you are using the Twig template engine."
            },
            "type": "joomla-package",
            "extra": {
                "branch-alias": {
                    "dev-master": "2.x-dev"
                }
            },
            "autoload": {
                "psr-4": {
                    "Joomla\\Renderer\\": "src/"
                }
            },
            "notification-url": "https://packagist.org/downloads/",
            "license": [
                "LGPL-2.1-or-later"
            ],
            "description": "Joomla Renderer Package",
            "homepage": "https://github.com/joomla-framework/renderer",
            "keywords": [
                "framework",
                "joomla",
                "renderer"
            ],
            "time": "2018-04-08T21:04:36+00:00"
        },
        {
            "name": "joomla/router",
            "version": "1.2.0",
            "source": {
                "type": "git",
                "url": "https://github.com/joomla-framework/router.git",
                "reference": "7ec0d2e82c3ae3fb40d262f08d62b4f99a288d21"
            },
            "dist": {
                "type": "zip",
                "url": "https://api.github.com/repos/joomla-framework/router/zipball/7ec0d2e82c3ae3fb40d262f08d62b4f99a288d21",
                "reference": "7ec0d2e82c3ae3fb40d262f08d62b4f99a288d21",
                "shasum": ""
            },
            "require": {
                "joomla/controller": "~1.0|~2.0",
                "joomla/input": "~1.0|~2.0",
                "php": "^5.3.10|~7.0"
            },
            "require-dev": {
                "joomla/coding-standards": "~2.0@alpha",
                "joomla/test": "~1.0",
                "phpunit/phpunit": "^4.8.35|^5.4.3|~6.0"
            },
            "type": "joomla-package",
            "extra": {
                "branch-alias": {
                    "dev-master": "1.x-dev"
                }
            },
            "autoload": {
                "psr-4": {
                    "Joomla\\Router\\": "src/"
                }
            },
            "notification-url": "https://packagist.org/downloads/",
            "license": [
                "GPL-2.0-or-later"
            ],
            "description": "Joomla Router Package",
            "homepage": "https://github.com/joomla-framework/router",
            "keywords": [
                "framework",
                "joomla",
                "router"
            ],
            "time": "2018-03-15T00:37:35+00:00"
        },
        {
            "name": "joomla/string",
            "version": "1.4.1",
            "source": {
                "type": "git",
                "url": "https://github.com/joomla-framework/string.git",
                "reference": "66363d317e6c020f30a70265c129281c77c43ca0"
            },
            "dist": {
                "type": "zip",
                "url": "https://api.github.com/repos/joomla-framework/string/zipball/66363d317e6c020f30a70265c129281c77c43ca0",
                "reference": "66363d317e6c020f30a70265c129281c77c43ca0",
                "shasum": ""
            },
            "require": {
                "php": "^5.3.10|~7.0"
            },
            "require-dev": {
                "joomla/test": "~1.0",
                "phpunit/phpunit": "~4.8|~5.0",
                "squizlabs/php_codesniffer": "1.*"
            },
            "suggest": {
                "ext-mbstring": "For improved processing"
            },
            "type": "joomla-package",
            "extra": {
                "branch-alias": {
                    "dev-master": "1.x-dev"
                }
            },
            "autoload": {
                "psr-4": {
                    "Joomla\\String\\": "src/"
                },
                "files": [
                    "src/phputf8/utf8.php",
                    "src/phputf8/ord.php",
                    "src/phputf8/str_ireplace.php",
                    "src/phputf8/str_pad.php",
                    "src/phputf8/str_split.php",
                    "src/phputf8/strcasecmp.php",
                    "src/phputf8/strcspn.php",
                    "src/phputf8/stristr.php",
                    "src/phputf8/strrev.php",
                    "src/phputf8/strspn.php",
                    "src/phputf8/trim.php",
                    "src/phputf8/ucfirst.php",
                    "src/phputf8/ucwords.php",
                    "src/phputf8/utils/ascii.php",
                    "src/phputf8/utils/validation.php"
                ]
            },
            "notification-url": "https://packagist.org/downloads/",
            "license": [
                "GPL-2.0+"
            ],
            "description": "Joomla String Package",
            "homepage": "https://github.com/joomla-framework/string",
            "keywords": [
                "framework",
                "joomla",
                "string"
            ],
            "time": "2016-12-10T18:13:42+00:00"
        },
        {
            "name": "joomla/uri",
            "version": "1.1.1",
            "source": {
                "type": "git",
                "url": "https://github.com/joomla-framework/uri.git",
                "reference": "980e532e4235bb8f1ada15b28822abbeb171da3f"
            },
            "dist": {
                "type": "zip",
                "url": "https://api.github.com/repos/joomla-framework/uri/zipball/980e532e4235bb8f1ada15b28822abbeb171da3f",
                "reference": "980e532e4235bb8f1ada15b28822abbeb171da3f",
                "shasum": ""
            },
            "require": {
                "php": ">=5.3.10"
            },
            "type": "joomla-package",
            "autoload": {
                "psr-4": {
                    "Joomla\\Uri\\": "src/",
                    "Joomla\\Uri\\Tests\\": "Tests/"
                }
            },
            "notification-url": "https://packagist.org/downloads/",
            "license": [
                "GPL-2.0+"
            ],
            "description": "Joomla Uri Package",
            "homepage": "https://github.com/joomla-framework/uri",
            "keywords": [
                "framework",
                "joomla",
                "uri"
            ],
            "time": "2014-02-09T02:57:17+00:00"
        },
        {
            "name": "joomla/utilities",
            "version": "1.5.0",
            "source": {
                "type": "git",
                "url": "https://github.com/joomla-framework/utilities.git",
                "reference": "7407add476590c1a8e68d804d50b8911aaa26bcd"
            },
            "dist": {
                "type": "zip",
                "url": "https://api.github.com/repos/joomla-framework/utilities/zipball/7407add476590c1a8e68d804d50b8911aaa26bcd",
                "reference": "7407add476590c1a8e68d804d50b8911aaa26bcd",
                "shasum": ""
            },
            "require": {
                "joomla/string": "~1.3|~2.0",
                "php": "^5.3.10|~7.0"
            },
            "require-dev": {
                "joomla/coding-standards": "~2.0@alpha",
                "phpunit/phpunit": "^4.8.35|^5.4.3|~6.0"
            },
            "type": "joomla-package",
            "extra": {
                "branch-alias": {
                    "dev-master": "1.x-dev"
                }
            },
            "autoload": {
                "psr-4": {
                    "Joomla\\Utilities\\": "src/"
                }
            },
            "notification-url": "https://packagist.org/downloads/",
            "license": [
                "GPL-2.0-or-later"
            ],
            "description": "Joomla Utilities Package",
            "homepage": "https://github.com/joomla-framework/utilities",
            "keywords": [
                "framework",
                "joomla",
                "utilities"
            ],
            "time": "2018-03-15T00:42:47+00:00"
        },
        {
            "name": "joomla/view",
            "version": "dev-2.0-dev",
            "source": {
                "type": "git",
                "url": "https://github.com/joomla-framework/view.git",
                "reference": "c332ce2d8767072f29dbbb09e62d424c7745f060"
            },
            "dist": {
                "type": "zip",
                "url": "https://api.github.com/repos/joomla-framework/view/zipball/c332ce2d8767072f29dbbb09e62d424c7745f060",
                "reference": "c332ce2d8767072f29dbbb09e62d424c7745f060",
                "shasum": ""
            },
            "require": {
                "php": "~7.0"
            },
            "require-dev": {
                "joomla/coding-standards": "~2.0@alpha",
                "joomla/renderer": "~2.0",
                "joomla/test": "~1.0",
                "phpunit/phpunit": "~6.3"
            },
            "suggest": {
                "joomla/renderer": "Required to use Joomla\\View\\BaseHtmlView"
            },
            "type": "joomla-package",
            "extra": {
                "branch-alias": {
                    "dev-2.0-dev": "2.0-dev"
                }
            },
            "autoload": {
                "psr-4": {
                    "Joomla\\View\\": "src/"
                }
            },
            "notification-url": "https://packagist.org/downloads/",
            "license": [
                "GPL-2.0-or-later"
            ],
            "description": "Joomla View Package",
            "homepage": "https://github.com/joomla-framework/view",
            "keywords": [
                "framework",
                "joomla",
                "view"
            ],
            "time": "2018-02-25T22:59:58+00:00"
        },
        {
            "name": "league/plates",
            "version": "3.3.0",
            "source": {
                "type": "git",
                "url": "https://github.com/thephpleague/plates.git",
                "reference": "b1684b6f127714497a0ef927ce42c0b44b45a8af"
            },
            "dist": {
                "type": "zip",
                "url": "https://api.github.com/repos/thephpleague/plates/zipball/b1684b6f127714497a0ef927ce42c0b44b45a8af",
                "reference": "b1684b6f127714497a0ef927ce42c0b44b45a8af",
                "shasum": ""
            },
            "require": {
                "php": "^5.3 | ^7.0"
            },
            "require-dev": {
                "mikey179/vfsstream": "^1.4",
                "phpunit/phpunit": "~4.0",
                "squizlabs/php_codesniffer": "~1.5"
            },
            "type": "library",
            "extra": {
                "branch-alias": {
                    "dev-master": "3.0-dev"
                }
            },
            "autoload": {
                "psr-4": {
                    "League\\Plates\\": "src"
                }
            },
            "notification-url": "https://packagist.org/downloads/",
            "license": [
                "MIT"
            ],
            "authors": [
                {
                    "name": "Jonathan Reinink",
                    "email": "jonathan@reinink.ca",
                    "role": "Developer"
                }
            ],
            "description": "Plates, the native PHP template system that's fast, easy to use and easy to extend.",
            "homepage": "http://platesphp.com",
            "keywords": [
                "league",
                "package",
                "templates",
                "templating",
                "views"
            ],
            "time": "2016-12-28T00:14:17+00:00"
        },
        {
            "name": "monolog/monolog",
            "version": "1.23.0",
            "source": {
                "type": "git",
                "url": "https://github.com/Seldaek/monolog.git",
                "reference": "fd8c787753b3a2ad11bc60c063cff1358a32a3b4"
            },
            "dist": {
                "type": "zip",
                "url": "https://api.github.com/repos/Seldaek/monolog/zipball/fd8c787753b3a2ad11bc60c063cff1358a32a3b4",
                "reference": "fd8c787753b3a2ad11bc60c063cff1358a32a3b4",
                "shasum": ""
            },
            "require": {
                "php": ">=5.3.0",
                "psr/log": "~1.0"
            },
            "provide": {
                "psr/log-implementation": "1.0.0"
            },
            "require-dev": {
                "aws/aws-sdk-php": "^2.4.9 || ^3.0",
                "doctrine/couchdb": "~1.0@dev",
                "graylog2/gelf-php": "~1.0",
                "jakub-onderka/php-parallel-lint": "0.9",
                "php-amqplib/php-amqplib": "~2.4",
                "php-console/php-console": "^3.1.3",
                "phpunit/phpunit": "~4.5",
                "phpunit/phpunit-mock-objects": "2.3.0",
                "ruflin/elastica": ">=0.90 <3.0",
                "sentry/sentry": "^0.13",
                "swiftmailer/swiftmailer": "^5.3|^6.0"
            },
            "suggest": {
                "aws/aws-sdk-php": "Allow sending log messages to AWS services like DynamoDB",
                "doctrine/couchdb": "Allow sending log messages to a CouchDB server",
                "ext-amqp": "Allow sending log messages to an AMQP server (1.0+ required)",
                "ext-mongo": "Allow sending log messages to a MongoDB server",
                "graylog2/gelf-php": "Allow sending log messages to a GrayLog2 server",
                "mongodb/mongodb": "Allow sending log messages to a MongoDB server via PHP Driver",
                "php-amqplib/php-amqplib": "Allow sending log messages to an AMQP server using php-amqplib",
                "php-console/php-console": "Allow sending log messages to Google Chrome",
                "rollbar/rollbar": "Allow sending log messages to Rollbar",
                "ruflin/elastica": "Allow sending log messages to an Elastic Search server",
                "sentry/sentry": "Allow sending log messages to a Sentry server"
            },
            "type": "library",
            "extra": {
                "branch-alias": {
                    "dev-master": "2.0.x-dev"
                }
            },
            "autoload": {
                "psr-4": {
                    "Monolog\\": "src/Monolog"
                }
            },
            "notification-url": "https://packagist.org/downloads/",
            "license": [
                "MIT"
            ],
            "authors": [
                {
                    "name": "Jordi Boggiano",
                    "email": "j.boggiano@seld.be",
                    "homepage": "http://seld.be"
                }
            ],
            "description": "Sends your logs to files, sockets, inboxes, databases and various web services",
            "homepage": "http://github.com/Seldaek/monolog",
            "keywords": [
                "log",
                "logging",
                "psr-3"
            ],
            "time": "2017-06-19T01:22:40+00:00"
        },
        {
            "name": "psr/cache",
            "version": "1.0.1",
            "source": {
                "type": "git",
                "url": "https://github.com/php-fig/cache.git",
                "reference": "d11b50ad223250cf17b86e38383413f5a6764bf8"
            },
            "dist": {
                "type": "zip",
                "url": "https://api.github.com/repos/php-fig/cache/zipball/d11b50ad223250cf17b86e38383413f5a6764bf8",
                "reference": "d11b50ad223250cf17b86e38383413f5a6764bf8",
                "shasum": ""
            },
            "require": {
                "php": ">=5.3.0"
            },
            "type": "library",
            "extra": {
                "branch-alias": {
                    "dev-master": "1.0.x-dev"
                }
            },
            "autoload": {
                "psr-4": {
                    "Psr\\Cache\\": "src/"
                }
            },
            "notification-url": "https://packagist.org/downloads/",
            "license": [
                "MIT"
            ],
            "authors": [
                {
                    "name": "PHP-FIG",
                    "homepage": "http://www.php-fig.org/"
                }
            ],
            "description": "Common interface for caching libraries",
            "keywords": [
                "cache",
                "psr",
                "psr-6"
            ],
            "time": "2016-08-06T20:24:11+00:00"
        },
        {
            "name": "psr/container",
            "version": "1.0.0",
            "source": {
                "type": "git",
                "url": "https://github.com/php-fig/container.git",
                "reference": "b7ce3b176482dbbc1245ebf52b181af44c2cf55f"
            },
            "dist": {
                "type": "zip",
                "url": "https://api.github.com/repos/php-fig/container/zipball/b7ce3b176482dbbc1245ebf52b181af44c2cf55f",
                "reference": "b7ce3b176482dbbc1245ebf52b181af44c2cf55f",
                "shasum": ""
            },
            "require": {
                "php": ">=5.3.0"
            },
            "type": "library",
            "extra": {
                "branch-alias": {
                    "dev-master": "1.0.x-dev"
                }
            },
            "autoload": {
                "psr-4": {
                    "Psr\\Container\\": "src/"
                }
            },
            "notification-url": "https://packagist.org/downloads/",
            "license": [
                "MIT"
            ],
            "authors": [
                {
                    "name": "PHP-FIG",
                    "homepage": "http://www.php-fig.org/"
                }
            ],
            "description": "Common Container Interface (PHP FIG PSR-11)",
            "homepage": "https://github.com/php-fig/container",
            "keywords": [
                "PSR-11",
                "container",
                "container-interface",
                "container-interop",
                "psr"
            ],
            "time": "2017-02-14T16:28:37+00:00"
        },
        {
            "name": "psr/http-message",
            "version": "1.0.1",
            "source": {
                "type": "git",
                "url": "https://github.com/php-fig/http-message.git",
                "reference": "f6561bf28d520154e4b0ec72be95418abe6d9363"
            },
            "dist": {
                "type": "zip",
                "url": "https://api.github.com/repos/php-fig/http-message/zipball/f6561bf28d520154e4b0ec72be95418abe6d9363",
                "reference": "f6561bf28d520154e4b0ec72be95418abe6d9363",
                "shasum": ""
            },
            "require": {
                "php": ">=5.3.0"
            },
            "type": "library",
            "extra": {
                "branch-alias": {
                    "dev-master": "1.0.x-dev"
                }
            },
            "autoload": {
                "psr-4": {
                    "Psr\\Http\\Message\\": "src/"
                }
            },
            "notification-url": "https://packagist.org/downloads/",
            "license": [
                "MIT"
            ],
            "authors": [
                {
                    "name": "PHP-FIG",
                    "homepage": "http://www.php-fig.org/"
                }
            ],
            "description": "Common interface for HTTP messages",
            "homepage": "https://github.com/php-fig/http-message",
            "keywords": [
                "http",
                "http-message",
                "psr",
                "psr-7",
                "request",
                "response"
            ],
            "time": "2016-08-06T14:39:51+00:00"
        },
        {
            "name": "psr/log",
            "version": "1.0.2",
            "source": {
                "type": "git",
                "url": "https://github.com/php-fig/log.git",
                "reference": "4ebe3a8bf773a19edfe0a84b6585ba3d401b724d"
            },
            "dist": {
                "type": "zip",
                "url": "https://api.github.com/repos/php-fig/log/zipball/4ebe3a8bf773a19edfe0a84b6585ba3d401b724d",
                "reference": "4ebe3a8bf773a19edfe0a84b6585ba3d401b724d",
                "shasum": ""
            },
            "require": {
                "php": ">=5.3.0"
            },
            "type": "library",
            "extra": {
                "branch-alias": {
                    "dev-master": "1.0.x-dev"
                }
            },
            "autoload": {
                "psr-4": {
                    "Psr\\Log\\": "Psr/Log/"
                }
            },
            "notification-url": "https://packagist.org/downloads/",
            "license": [
                "MIT"
            ],
            "authors": [
                {
                    "name": "PHP-FIG",
                    "homepage": "http://www.php-fig.org/"
                }
            ],
            "description": "Common interface for logging libraries",
            "homepage": "https://github.com/php-fig/log",
            "keywords": [
                "log",
                "psr",
                "psr-3"
            ],
            "time": "2016-10-10T12:19:37+00:00"
        },
        {
            "name": "psr/simple-cache",
            "version": "1.0.1",
            "source": {
                "type": "git",
                "url": "https://github.com/php-fig/simple-cache.git",
                "reference": "408d5eafb83c57f6365a3ca330ff23aa4a5fa39b"
            },
            "dist": {
                "type": "zip",
                "url": "https://api.github.com/repos/php-fig/simple-cache/zipball/408d5eafb83c57f6365a3ca330ff23aa4a5fa39b",
                "reference": "408d5eafb83c57f6365a3ca330ff23aa4a5fa39b",
                "shasum": ""
            },
            "require": {
                "php": ">=5.3.0"
            },
            "type": "library",
            "extra": {
                "branch-alias": {
                    "dev-master": "1.0.x-dev"
                }
            },
            "autoload": {
                "psr-4": {
                    "Psr\\SimpleCache\\": "src/"
                }
            },
            "notification-url": "https://packagist.org/downloads/",
            "license": [
                "MIT"
            ],
            "authors": [
                {
                    "name": "PHP-FIG",
                    "homepage": "http://www.php-fig.org/"
                }
            ],
            "description": "Common interfaces for simple caching",
            "keywords": [
                "cache",
                "caching",
                "psr",
                "psr-16",
                "simple-cache"
            ],
            "time": "2017-10-23T01:57:42+00:00"
        },
        {
            "name": "zendframework/zend-diactoros",
            "version": "1.7.2",
            "source": {
                "type": "git",
                "url": "https://github.com/zendframework/zend-diactoros.git",
                "reference": "741e7a571836f038de731105f4742ca8a164e43a"
            },
            "dist": {
                "type": "zip",
                "url": "https://api.github.com/repos/zendframework/zend-diactoros/zipball/741e7a571836f038de731105f4742ca8a164e43a",
                "reference": "741e7a571836f038de731105f4742ca8a164e43a",
                "shasum": ""
            },
            "require": {
                "php": "^5.6 || ^7.0",
                "psr/http-message": "^1.0"
            },
            "provide": {
                "psr/http-message-implementation": "1.0"
            },
            "require-dev": {
                "ext-dom": "*",
                "ext-libxml": "*",
                "phpunit/phpunit": "^5.7.16 || ^6.0.8",
                "zendframework/zend-coding-standard": "~1.0"
            },
            "type": "library",
            "extra": {
                "branch-alias": {
                    "dev-master": "1.7.x-dev",
                    "dev-develop": "1.8.x-dev",
                    "dev-release-2.0": "2.0.x-dev"
                }
            },
            "autoload": {
                "psr-4": {
                    "Zend\\Diactoros\\": "src/"
                }
            },
            "notification-url": "https://packagist.org/downloads/",
            "license": [
                "BSD-2-Clause"
            ],
            "description": "PSR HTTP Message implementations",
            "homepage": "https://github.com/zendframework/zend-diactoros",
            "keywords": [
                "http",
                "psr",
                "psr-7"
            ],
            "time": "2018-05-29T16:53:08+00:00"
        }
    ],
    "packages-dev": [],
    "aliases": [],
    "minimum-stability": "stable",
    "stability-flags": {
        "joomla/cache": 20,
        "joomla/controller": 20,
        "joomla/http": 20,
        "joomla/model": 20,
        "joomla/renderer": 20,
        "joomla/view": 20
    },
    "prefer-stable": false,
    "prefer-lowest": false,
    "platform": {
        "php": "~7.1"
    },
    "platform-dev": [],
    "platform-overrides": {
        "php": "7.1.11"
    }
}
